
Microsoft Visual Studio Solution File, Format Version 12.00
# Visual Studio Version 16
VisualStudioVersion = 16.0.30804.86
MinimumVisualStudioVersion = 10.0.40219.1
Project("{9A19103F-16F7-4668-BE54-9A1E7A4F7556}") = "LighthouseManager", "LighthouseManager\LighthouseManager.csproj", "{5D59A117-8230-4954-B732-909C82EEF0D2}"
EndProject
Project("{9A19103F-16F7-4668-BE54-9A1E7A4F7556}") = "LighthouseManagerService", "LighthouseManagerService\LighthouseManagerService.csproj", "{9B148C67-7EE4-4363-8268-72A5EF10C12F}"
EndProject
Project("{9A19103F-16F7-4668-BE54-9A1E7A4F7556}") = "LighthouseManager.Shared", "LighthouseManager.Shared\LighthouseManager.Shared.csproj", "{44CCD0BA-33A1-4BC0-81BC-5E5439CD94B5}"
EndProject
Global
	GlobalSection(SolutionConfigurationPlatforms) = preSolution
		Debug|Any CPU = Debug|Any CPU
		Release|Any CPU = Release|Any CPU
	EndGlobalSection
	GlobalSection(ProjectConfigurationPlatforms) = postSolution
		{5D59A117-8230-4954-B732-909C82EEF0D2}.Debug|Any CPU.ActiveCfg = Debug|Any CPU
		{5D59A117-8230-4954-B732-909C82EEF0D2}.Debug|Any CPU.Build.0 = Debug|Any CPU
		{5D59A117-8230-4954-B732-909C82EEF0D2}.Release|Any CPU.ActiveCfg = Release|Any CPU
		{5D59A117-8230-4954-B732-909C82EEF0D2}.Release|Any CPU.Build.0 = Release|Any CPU
		{9B148C67-7EE4-4363-8268-72A5EF10C12F}.Debug|Any CPU.ActiveCfg = Debug|Any CPU
		{9B148C67-7EE4-4363-8268-72A5EF10C12F}.Debug|Any CPU.Build.0 = Debug|Any CPU
		{9B148C67-7EE4-4363-8268-72A5EF10C12F}.Release|Any CPU.ActiveCfg = Release|Any CPU
		{9B148C67-7EE4-4363-8268-72A5EF10C12F}.Release|Any CPU.Build.0 = Release|Any CPU
		{44CCD0BA-33A1-4BC0-81BC-5E5439CD94B5}.Debug|Any CPU.ActiveCfg = Debug|Any CPU
		{44CCD0BA-33A1-4BC0-81BC-5E5439CD94B5}.Debug|Any CPU.Build.0 = Debug|Any CPU
		{44CCD0BA-33A1-4BC0-81BC-5E5439CD94B5}.Release|Any CPU.ActiveCfg = Release|Any CPU
		{44CCD0BA-33A1-4BC0-81BC-5E5439CD94B5}.Release|Any CPU.Build.0 = Release|Any CPU
	EndGlobalSection
	GlobalSection(SolutionProperties) = preSolution
		HideSolutionNode = FALSE
	EndGlobalSection
	GlobalSection(ExtensibilityGlobals) = postSolution
		SolutionGuid = {40609317-8C65-4C49-BA23-B5108F79EB77}
	EndGlobalSection
EndGlobal
