
Microsoft Visual Studio Solution File, Format Version 12.00
# Visual Studio Version 16
VisualStudioVersion = 16.0.30804.86
MinimumVisualStudioVersion = 10.0.40219.1
Project("{9A19103F-16F7-4668-BE54-9A1E7A4F7556}") = "LighthouseManager", "LighthouseManager\LighthouseManager.csproj", "{5D59A117-8230-4954-B732-909C82EEF0D2}"
EndProject
Project("{FAE04EC0-301F-11D3-BF4B-00C04F79EFBC}") = "SteamVRWatcher", "SteamVRWatcher\SteamVRWatcher.csproj", "{833BFAAB-FB60-4728-A7B9-39D4E8437C7C}"
EndProject
Global
	GlobalSection(SolutionConfigurationPlatforms) = preSolution
		Debug|Any CPU = Debug|Any CPU
		Release|Any CPU = Release|Any CPU
	EndGlobalSection
	GlobalSection(ProjectConfigurationPlatforms) = postSolution
		{5D59A117-8230-4954-B732-909C82EEF0D2}.Debug|Any CPU.ActiveCfg = Debug|Any CPU
		{5D59A117-8230-4954-B732-909C82EEF0D2}.Debug|Any CPU.Build.0 = Debug|Any CPU
		{5D59A117-8230-4954-B732-909C82EEF0D2}.Release|Any CPU.ActiveCfg = Release|Any CPU
		{5D59A117-8230-4954-B732-909C82EEF0D2}.Release|Any CPU.Build.0 = Release|Any CPU
		{833BFAAB-FB60-4728-A7B9-39D4E8437C7C}.Debug|Any CPU.ActiveCfg = Debug|Any CPU
		{833BFAAB-FB60-4728-A7B9-39D4E8437C7C}.Debug|Any CPU.Build.0 = Debug|Any CPU
		{833BFAAB-FB60-4728-A7B9-39D4E8437C7C}.Release|Any CPU.ActiveCfg = Release|Any CPU
		{833BFAAB-FB60-4728-A7B9-39D4E8437C7C}.Release|Any CPU.Build.0 = Release|Any CPU
	EndGlobalSection
	GlobalSection(SolutionProperties) = preSolution
		HideSolutionNode = FALSE
	EndGlobalSection
	GlobalSection(ExtensibilityGlobals) = postSolution
		SolutionGuid = {40609317-8C65-4C49-BA23-B5108F79EB77}
	EndGlobalSection
EndGlobal
